
Microsoft Visual Studio Solution File, Format Version 12.00
# Visual Studio Version 17
VisualStudioVersion = 17.4.33205.214
MinimumVisualStudioVersion = 10.0.40219.1
Project("{FAE04EC0-301F-11D3-BF4B-00C04F79EFBC}") = "PRN_Final_API", "PRN_Final_API\PRN_Final_API.csproj", "{BC57B546-E29D-46A2-95DC-60F7D24CE9A5}"
EndProject
Project("{FAE04EC0-301F-11D3-BF4B-00C04F79EFBC}") = "PRN_Final_Client", "PRN_Final_Client\PRN_Final_Client.csproj", "{6D3F0780-D65A-4817-B67B-0AA731BB24E0}"
EndProject
Global
	GlobalSection(SolutionConfigurationPlatforms) = preSolution
		Debug|Any CPU = Debug|Any CPU
		Release|Any CPU = Release|Any CPU
	EndGlobalSection
	GlobalSection(ProjectConfigurationPlatforms) = postSolution
		{BC57B546-E29D-46A2-95DC-60F7D24CE9A5}.Debug|Any CPU.ActiveCfg = Debug|Any CPU
		{BC57B546-E29D-46A2-95DC-60F7D24CE9A5}.Debug|Any CPU.Build.0 = Debug|Any CPU
		{BC57B546-E29D-46A2-95DC-60F7D24CE9A5}.Release|Any CPU.ActiveCfg = Release|Any CPU
		{BC57B546-E29D-46A2-95DC-60F7D24CE9A5}.Release|Any CPU.Build.0 = Release|Any CPU
		{6D3F0780-D65A-4817-B67B-0AA731BB24E0}.Debug|Any CPU.ActiveCfg = Debug|Any CPU
		{6D3F0780-D65A-4817-B67B-0AA731BB24E0}.Debug|Any CPU.Build.0 = Debug|Any CPU
		{6D3F0780-D65A-4817-B67B-0AA731BB24E0}.Release|Any CPU.ActiveCfg = Release|Any CPU
		{6D3F0780-D65A-4817-B67B-0AA731BB24E0}.Release|Any CPU.Build.0 = Release|Any CPU
	EndGlobalSection
	GlobalSection(SolutionProperties) = preSolution
		HideSolutionNode = FALSE
	EndGlobalSection
	GlobalSection(ExtensibilityGlobals) = postSolution
		SolutionGuid = {1C15B87D-DDBF-4028-8010-9B7BF0584F5A}
	EndGlobalSection
EndGlobal
